
Microsoft Visual Studio Solution File, Format Version 12.00
# Visual Studio 2013
VisualStudioVersion = 12.0.31101.0
MinimumVisualStudioVersion = 10.0.40219.1
Project("{2150E333-8FDC-42A3-9474-1A3956D46DE8}") = "03DataAccess", "03DataAccess", "{DBC8727A-A8DF-4A20-9BC5-C99B83481B05}"
EndProject
Project("{2150E333-8FDC-42A3-9474-1A3956D46DE8}") = "05Business", "05Business", "{30E52642-E1AD-40CA-81A6-FFA238F457BC}"
EndProject
Project("{FAE04EC0-301F-11D3-BF4B-00C04F79EFBC}") = "QSDMS.Application.Web", "QSDMS.Application\QSDMS.Application.Web\QSDMS.Application.Web.csproj", "{C16FEB89-AF01-4D02-B40D-5EFB285554A2}"
EndProject
Project("{2150E333-8FDC-42A3-9474-1A3956D46DE8}") = "06Application", "06Application", "{9CD6AF0D-71E7-47FE-AF31-2A500721F965}"
EndProject
Project("{2150E333-8FDC-42A3-9474-1A3956D46DE8}") = "04Model", "04Model", "{6D4C2AD5-148C-4E5B-8AC0-3BD32D9FFD4E}"
EndProject
Project("{FAE04EC0-301F-11D3-BF4B-00C04F79EFBC}") = "QSDMS.API", "QSDMS.API\QSDMS.API.csproj", "{0D1781C6-2172-41B2-87B8-ABA2F9917F61}"
EndProject
Project("{FAE04EC0-301F-11D3-BF4B-00C04F79EFBC}") = "Trade.Model", "QSDMS.Model\Trade.Model\Trade.Model.csproj", "{5CB80361-B123-4494-AF2C-573CFBAB79F1}"
EndProject
Project("{FAE04EC0-301F-11D3-BF4B-00C04F79EFBC}") = "Trade.Business", "QSDMS.Business\Trade.Business\Trade.Business.csproj", "{96293CB8-0691-4B56-943C-BF1CD73BF184}"
EndProject
Project("{FAE04EC0-301F-11D3-BF4B-00C04F79EFBC}") = "Trade.Data.IServices", "QSDMS.DataAccess\Trade.Data.IServices\Trade.Data.IServices.csproj", "{F334253F-F951-43C8-AA5E-E958B63D55A2}"
EndProject
Project("{FAE04EC0-301F-11D3-BF4B-00C04F79EFBC}") = "Trade.Data.SqlServer", "QSDMS.DataAccess\Trade.Data.SqlServer\Trade.Data.SqlServer.csproj", "{F1A78900-FFF2-4AC9-9A74-84972831F4D7}"
EndProject
Project("{FAE04EC0-301F-11D3-BF4B-00C04F79EFBC}") = "Trade.Business.Cache", "QSDMS.Business\Trade.Business.Cache\Trade.Business.Cache.csproj", "{15869A6D-5645-47BD-A206-25386E2037B0}"
EndProject
Project("{FAE04EC0-301F-11D3-BF4B-00C04F79EFBC}") = "QSDMS.Business", "QSDMS.iFrameWork\QSDMS.Business\QSDMS.Business.csproj", "{F784FE53-4599-4AE6-9735-BF367829F27A}"
EndProject
Project("{FAE04EC0-301F-11D3-BF4B-00C04F79EFBC}") = "QSDMS.Business.Cache", "QSDMS.iFrameWork\QSDMS.Business.Cache\QSDMS.Business.Cache.csproj", "{BF85365E-71D4-4A2F-823C-3516A6D08F7C}"
EndProject
Project("{FAE04EC0-301F-11D3-BF4B-00C04F79EFBC}") = "QSDMS.Data.IService", "QSDMS.iFrameWork\QSDMS.Data.IService\QSDMS.Data.IService.csproj", "{0BAC71E3-D1EC-47CA-A470-91398F43645B}"
EndProject
Project("{FAE04EC0-301F-11D3-BF4B-00C04F79EFBC}") = "QSDMS.Data.Service.SqlServer", "QSDMS.iFrameWork\QSDMS.Data.Service.SqlServer\QSDMS.Data.Service.SqlServer.csproj", "{3F15F70B-98F6-4D11-8664-B9C97A024CEA}"
EndProject
Project("{FAE04EC0-301F-11D3-BF4B-00C04F79EFBC}") = "QSDMS.Model", "QSDMS.iFrameWork\QSDMS.Model\QSDMS.Model.csproj", "{525EC8F0-D6A8-4680-8DBF-94244DE469F2}"
EndProject
Project("{2150E333-8FDC-42A3-9474-1A3956D46DE8}") = "00QSDMS", "00QSDMS", "{3F699C12-660B-4528-BABA-81241DDD2123}"
EndProject
Project("{FAE04EC0-301F-11D3-BF4B-00C04F79EFBC}") = "QSDMS.Cache", "QSDMS.iFrameWork\QSDMS.Cache\QSDMS.Cache.csproj", "{01DC088C-172B-4B3C-AC36-33EA88C0BBDC}"
EndProject
Project("{FAE04EC0-301F-11D3-BF4B-00C04F79EFBC}") = "QSDMS.Cache.Factory", "QSDMS.iFrameWork\QSDMS.Cache.Factory\QSDMS.Cache.Factory.csproj", "{05E4A0F4-A478-406D-AF6C-E59E2ED88418}"
EndProject
Project("{FAE04EC0-301F-11D3-BF4B-00C04F79EFBC}") = "QSDMS.Cache.Redis", "QSDMS.iFrameWork\QSDMS.Cache.Redis\QSDMS.Cache.Redis.csproj", "{078BC972-7CE9-454C-9898-49E3225782C4}"
EndProject
Project("{FAE04EC0-301F-11D3-BF4B-00C04F79EFBC}") = "QSDMS.Task", "QSDMS.Tasks\QSDMS.Task\QSDMS.Task.csproj", "{46CA7DC2-FBA2-4904-9A52-BB2109038E81}"
EndProject
Project("{FAE04EC0-301F-11D3-BF4B-00C04F79EFBC}") = "QSDMS.Schedule", "QSDMS.Tasks\QSMS.Schedule\QSDMS.Schedule.csproj", "{7EB61220-247D-4E54-B514-C0361CDFF56C}"
EndProject
Project("{2150E333-8FDC-42A3-9474-1A3956D46DE8}") = "07Task", "07Task", "{559350EB-6DE1-4427-AA6C-D8272DF5FD70}"
EndProject
Project("{FAE04EC0-301F-11D3-BF4B-00C04F79EFBC}") = "QSDMS.Util", "QSDMS.iFrameWork\QSDMS.Util\QSDMS.Util.csproj", "{2E7B524E-E766-480F-9126-B54C0C10A0A4}"
EndProject
Global
	GlobalSection(SolutionConfigurationPlatforms) = preSolution
		Debug|Any CPU = Debug|Any CPU
		Release|Any CPU = Release|Any CPU
	EndGlobalSection
	GlobalSection(ProjectConfigurationPlatforms) = postSolution
		{C16FEB89-AF01-4D02-B40D-5EFB285554A2}.Debug|Any CPU.ActiveCfg = Debug|Any CPU
		{C16FEB89-AF01-4D02-B40D-5EFB285554A2}.Debug|Any CPU.Build.0 = Debug|Any CPU
		{C16FEB89-AF01-4D02-B40D-5EFB285554A2}.Release|Any CPU.ActiveCfg = Release|Any CPU
		{C16FEB89-AF01-4D02-B40D-5EFB285554A2}.Release|Any CPU.Build.0 = Release|Any CPU
		{0D1781C6-2172-41B2-87B8-ABA2F9917F61}.Debug|Any CPU.ActiveCfg = Debug|Any CPU
		{0D1781C6-2172-41B2-87B8-ABA2F9917F61}.Debug|Any CPU.Build.0 = Debug|Any CPU
		{0D1781C6-2172-41B2-87B8-ABA2F9917F61}.Release|Any CPU.ActiveCfg = Release|Any CPU
		{0D1781C6-2172-41B2-87B8-ABA2F9917F61}.Release|Any CPU.Build.0 = Release|Any CPU
		{5CB80361-B123-4494-AF2C-573CFBAB79F1}.Debug|Any CPU.ActiveCfg = Debug|Any CPU
		{5CB80361-B123-4494-AF2C-573CFBAB79F1}.Debug|Any CPU.Build.0 = Debug|Any CPU
		{5CB80361-B123-4494-AF2C-573CFBAB79F1}.Release|Any CPU.ActiveCfg = Release|Any CPU
		{5CB80361-B123-4494-AF2C-573CFBAB79F1}.Release|Any CPU.Build.0 = Release|Any CPU
		{96293CB8-0691-4B56-943C-BF1CD73BF184}.Debug|Any CPU.ActiveCfg = Debug|Any CPU
		{96293CB8-0691-4B56-943C-BF1CD73BF184}.Debug|Any CPU.Build.0 = Debug|Any CPU
		{96293CB8-0691-4B56-943C-BF1CD73BF184}.Release|Any CPU.ActiveCfg = Release|Any CPU
		{96293CB8-0691-4B56-943C-BF1CD73BF184}.Release|Any CPU.Build.0 = Release|Any CPU
		{F334253F-F951-43C8-AA5E-E958B63D55A2}.Debug|Any CPU.ActiveCfg = Debug|Any CPU
		{F334253F-F951-43C8-AA5E-E958B63D55A2}.Debug|Any CPU.Build.0 = Debug|Any CPU
		{F334253F-F951-43C8-AA5E-E958B63D55A2}.Release|Any CPU.ActiveCfg = Release|Any CPU
		{F334253F-F951-43C8-AA5E-E958B63D55A2}.Release|Any CPU.Build.0 = Release|Any CPU
		{F1A78900-FFF2-4AC9-9A74-84972831F4D7}.Debug|Any CPU.ActiveCfg = Debug|Any CPU
		{F1A78900-FFF2-4AC9-9A74-84972831F4D7}.Debug|Any CPU.Build.0 = Debug|Any CPU
		{F1A78900-FFF2-4AC9-9A74-84972831F4D7}.Release|Any CPU.ActiveCfg = Release|Any CPU
		{F1A78900-FFF2-4AC9-9A74-84972831F4D7}.Release|Any CPU.Build.0 = Release|Any CPU
		{15869A6D-5645-47BD-A206-25386E2037B0}.Debug|Any CPU.ActiveCfg = Debug|Any CPU
		{15869A6D-5645-47BD-A206-25386E2037B0}.Debug|Any CPU.Build.0 = Debug|Any CPU
		{15869A6D-5645-47BD-A206-25386E2037B0}.Release|Any CPU.ActiveCfg = Release|Any CPU
		{15869A6D-5645-47BD-A206-25386E2037B0}.Release|Any CPU.Build.0 = Release|Any CPU
		{F784FE53-4599-4AE6-9735-BF367829F27A}.Debug|Any CPU.ActiveCfg = Debug|Any CPU
		{F784FE53-4599-4AE6-9735-BF367829F27A}.Debug|Any CPU.Build.0 = Debug|Any CPU
		{F784FE53-4599-4AE6-9735-BF367829F27A}.Release|Any CPU.ActiveCfg = Release|Any CPU
		{F784FE53-4599-4AE6-9735-BF367829F27A}.Release|Any CPU.Build.0 = Release|Any CPU
		{BF85365E-71D4-4A2F-823C-3516A6D08F7C}.Debug|Any CPU.ActiveCfg = Debug|Any CPU
		{BF85365E-71D4-4A2F-823C-3516A6D08F7C}.Debug|Any CPU.Build.0 = Debug|Any CPU
		{BF85365E-71D4-4A2F-823C-3516A6D08F7C}.Release|Any CPU.ActiveCfg = Release|Any CPU
		{BF85365E-71D4-4A2F-823C-3516A6D08F7C}.Release|Any CPU.Build.0 = Release|Any CPU
		{0BAC71E3-D1EC-47CA-A470-91398F43645B}.Debug|Any CPU.ActiveCfg = Debug|Any CPU
		{0BAC71E3-D1EC-47CA-A470-91398F43645B}.Debug|Any CPU.Build.0 = Debug|Any CPU
		{0BAC71E3-D1EC-47CA-A470-91398F43645B}.Release|Any CPU.ActiveCfg = Release|Any CPU
		{0BAC71E3-D1EC-47CA-A470-91398F43645B}.Release|Any CPU.Build.0 = Release|Any CPU
		{3F15F70B-98F6-4D11-8664-B9C97A024CEA}.Debug|Any CPU.ActiveCfg = Debug|Any CPU
		{3F15F70B-98F6-4D11-8664-B9C97A024CEA}.Debug|Any CPU.Build.0 = Debug|Any CPU
		{3F15F70B-98F6-4D11-8664-B9C97A024CEA}.Release|Any CPU.ActiveCfg = Release|Any CPU
		{3F15F70B-98F6-4D11-8664-B9C97A024CEA}.Release|Any CPU.Build.0 = Release|Any CPU
		{525EC8F0-D6A8-4680-8DBF-94244DE469F2}.Debug|Any CPU.ActiveCfg = Debug|Any CPU
		{525EC8F0-D6A8-4680-8DBF-94244DE469F2}.Debug|Any CPU.Build.0 = Debug|Any CPU
		{525EC8F0-D6A8-4680-8DBF-94244DE469F2}.Release|Any CPU.ActiveCfg = Release|Any CPU
		{525EC8F0-D6A8-4680-8DBF-94244DE469F2}.Release|Any CPU.Build.0 = Release|Any CPU
		{01DC088C-172B-4B3C-AC36-33EA88C0BBDC}.Debug|Any CPU.ActiveCfg = Debug|Any CPU
		{01DC088C-172B-4B3C-AC36-33EA88C0BBDC}.Debug|Any CPU.Build.0 = Debug|Any CPU
		{01DC088C-172B-4B3C-AC36-33EA88C0BBDC}.Release|Any CPU.ActiveCfg = Release|Any CPU
		{01DC088C-172B-4B3C-AC36-33EA88C0BBDC}.Release|Any CPU.Build.0 = Release|Any CPU
		{05E4A0F4-A478-406D-AF6C-E59E2ED88418}.Debug|Any CPU.ActiveCfg = Debug|Any CPU
		{05E4A0F4-A478-406D-AF6C-E59E2ED88418}.Debug|Any CPU.Build.0 = Debug|Any CPU
		{05E4A0F4-A478-406D-AF6C-E59E2ED88418}.Release|Any CPU.ActiveCfg = Release|Any CPU
		{05E4A0F4-A478-406D-AF6C-E59E2ED88418}.Release|Any CPU.Build.0 = Release|Any CPU
		{078BC972-7CE9-454C-9898-49E3225782C4}.Debug|Any CPU.ActiveCfg = Debug|Any CPU
		{078BC972-7CE9-454C-9898-49E3225782C4}.Debug|Any CPU.Build.0 = Debug|Any CPU
		{078BC972-7CE9-454C-9898-49E3225782C4}.Release|Any CPU.ActiveCfg = Release|Any CPU
		{078BC972-7CE9-454C-9898-49E3225782C4}.Release|Any CPU.Build.0 = Release|Any CPU
		{46CA7DC2-FBA2-4904-9A52-BB2109038E81}.Debug|Any CPU.ActiveCfg = Debug|Any CPU
		{46CA7DC2-FBA2-4904-9A52-BB2109038E81}.Debug|Any CPU.Build.0 = Debug|Any CPU
		{46CA7DC2-FBA2-4904-9A52-BB2109038E81}.Release|Any CPU.ActiveCfg = Release|Any CPU
		{46CA7DC2-FBA2-4904-9A52-BB2109038E81}.Release|Any CPU.Build.0 = Release|Any CPU
		{7EB61220-247D-4E54-B514-C0361CDFF56C}.Debug|Any CPU.ActiveCfg = Debug|Any CPU
		{7EB61220-247D-4E54-B514-C0361CDFF56C}.Debug|Any CPU.Build.0 = Debug|Any CPU
		{7EB61220-247D-4E54-B514-C0361CDFF56C}.Release|Any CPU.ActiveCfg = Release|Any CPU
		{7EB61220-247D-4E54-B514-C0361CDFF56C}.Release|Any CPU.Build.0 = Release|Any CPU
		{2E7B524E-E766-480F-9126-B54C0C10A0A4}.Debug|Any CPU.ActiveCfg = Debug|Any CPU
		{2E7B524E-E766-480F-9126-B54C0C10A0A4}.Debug|Any CPU.Build.0 = Debug|Any CPU
		{2E7B524E-E766-480F-9126-B54C0C10A0A4}.Release|Any CPU.ActiveCfg = Release|Any CPU
		{2E7B524E-E766-480F-9126-B54C0C10A0A4}.Release|Any CPU.Build.0 = Release|Any CPU
	EndGlobalSection
	GlobalSection(SolutionProperties) = preSolution
		HideSolutionNode = FALSE
	EndGlobalSection
	GlobalSection(NestedProjects) = preSolution
		{C16FEB89-AF01-4D02-B40D-5EFB285554A2} = {9CD6AF0D-71E7-47FE-AF31-2A500721F965}
		{5CB80361-B123-4494-AF2C-573CFBAB79F1} = {6D4C2AD5-148C-4E5B-8AC0-3BD32D9FFD4E}
		{96293CB8-0691-4B56-943C-BF1CD73BF184} = {30E52642-E1AD-40CA-81A6-FFA238F457BC}
		{F334253F-F951-43C8-AA5E-E958B63D55A2} = {DBC8727A-A8DF-4A20-9BC5-C99B83481B05}
		{F1A78900-FFF2-4AC9-9A74-84972831F4D7} = {DBC8727A-A8DF-4A20-9BC5-C99B83481B05}
		{15869A6D-5645-47BD-A206-25386E2037B0} = {30E52642-E1AD-40CA-81A6-FFA238F457BC}
		{F784FE53-4599-4AE6-9735-BF367829F27A} = {3F699C12-660B-4528-BABA-81241DDD2123}
		{BF85365E-71D4-4A2F-823C-3516A6D08F7C} = {3F699C12-660B-4528-BABA-81241DDD2123}
		{0BAC71E3-D1EC-47CA-A470-91398F43645B} = {3F699C12-660B-4528-BABA-81241DDD2123}
		{3F15F70B-98F6-4D11-8664-B9C97A024CEA} = {3F699C12-660B-4528-BABA-81241DDD2123}
		{525EC8F0-D6A8-4680-8DBF-94244DE469F2} = {3F699C12-660B-4528-BABA-81241DDD2123}
		{01DC088C-172B-4B3C-AC36-33EA88C0BBDC} = {3F699C12-660B-4528-BABA-81241DDD2123}
		{05E4A0F4-A478-406D-AF6C-E59E2ED88418} = {3F699C12-660B-4528-BABA-81241DDD2123}
		{078BC972-7CE9-454C-9898-49E3225782C4} = {3F699C12-660B-4528-BABA-81241DDD2123}
		{46CA7DC2-FBA2-4904-9A52-BB2109038E81} = {559350EB-6DE1-4427-AA6C-D8272DF5FD70}
		{7EB61220-247D-4E54-B514-C0361CDFF56C} = {559350EB-6DE1-4427-AA6C-D8272DF5FD70}
		{2E7B524E-E766-480F-9126-B54C0C10A0A4} = {3F699C12-660B-4528-BABA-81241DDD2123}
	EndGlobalSection
EndGlobal
